{
  "name": "nodejs",
  "version": "1.0.0",
  "lockfileVersion": 3,
  "requires": true,
  "packages": {
    "": {
      "name": "nodejs",
      "version": "1.0.0",
      "license": "ISC",
      "dependencies": {
        "@pinecone-database/pinecone": "^6.1.4"
      }
    },
    "node_modules/@pinecone-database/pinecone": {
      "version": "6.1.4",
      "resolved": "https://registry.npmjs.org/@pinecone-database/pinecone/-/pinecone-6.1.4.tgz",
      "integrity": "sha512-wkipvpkBYNGYDeYj4azVVyCzSrekJE3Pgo0HImkbw80SGnTo9gz5kSbDCXCfVvFnhqC2q4nGikdTUvFCDiuruA==",
      "license": "Apache-2.0",
      "engines": {
        "node": ">=18.0.0"
      }
    }
  }
}
